// !$*UTF8*$!
{
	archiveVersion = 1;
	classes = {
	};
	objectVersion = 46;
	objects = {

/* Begin PBXBuildFile section */
		6B22F5CB1A9D94C80052A037 /* main.m in Sources */ = {isa = PBXBuildFile; fileRef = 6B22F5CA1A9D94C80052A037 /* main.m */; };
		6B22F5CE1A9D94C80052A037 /* AppDelegate.m in Sources */ = {isa = PBXBuildFile; fileRef = 6B22F5CD1A9D94C80052A037 /* AppDelegate.m */; };
		6B22F5D11A9D94C80052A037 /* ViewController.m in Sources */ = {isa = PBXBuildFile; fileRef = 6B22F5D01A9D94C80052A037 /* ViewController.m */; };
		6B22F5D41A9D94C80052A037 /* Main.storyboard in Resources */ = {isa = PBXBuildFile; fileRef = 6B22F5D21A9D94C80052A037 /* Main.storyboard */; };
		6B22F5D61A9D94C80052A037 /* Images.xcassets in Resources */ = {isa = PBXBuildFile; fileRef = 6B22F5D51A9D94C80052A037 /* Images.xcassets */; };
		6B22F5D91A9D94C80052A037 /* LaunchScreen.xib in Resources */ = {isa = PBXBuildFile; fileRef = 6B22F5D71A9D94C80052A037 /* LaunchScreen.xib */; };
		6B22F5F11A9D967D0052A037 /* JFRWebSocket.m in Sources */ = {isa = PBXBuildFile; fileRef = 6B22F5F01A9D967D0052A037 /* JFRWebSocket.m */; };
		FC1A3CD91ADC751800F0BDBD /* TestWebSocket.m in Sources */ = {isa = PBXBuildFile; fileRef = FC1A3CD81ADC751800F0BDBD /* TestWebSocket.m */; };
		FC1A3CDD1ADCCF1700F0BDBD /* TestOperation.m in Sources */ = {isa = PBXBuildFile; fileRef = FC1A3CDC1ADCCF1700F0BDBD /* TestOperation.m */; };
		FC1A3CE01ADCCF9200F0BDBD /* TestCase.m in Sources */ = {isa = PBXBuildFile; fileRef = FC1A3CDF1ADCCF9200F0BDBD /* TestCase.m */; };
		FC1A3CE61ADD6C8A00F0BDBD /* TestCaseTableViewcell.m in Sources */ = {isa = PBXBuildFile; fileRef = FC1A3CE51ADD6C8A00F0BDBD /* TestCaseTableViewcell.m */; };
/* End PBXBuildFile section */

/* Begin PBXFileReference section */
		6B22F5C51A9D94C80052A037 /* SimpleTest.app */ = {isa = PBXFileReference; explicitFileType = wrapper.application; includeInIndex = 0; path = SimpleTest.app; sourceTree = BUILT_PRODUCTS_DIR; };
		6B22F5C91A9D94C80052A037 /* Info.plist */ = {isa = PBXFileReference; lastKnownFileType = text.plist.xml; path = Info.plist; sourceTree = "<group>"; };
		6B22F5CA1A9D94C80052A037 /* main.m */ = {isa = PBXFileReference; lastKnownFileType = sourcecode.c.objc; path = main.m; sourceTree = "<group>"; };
		6B22F5CC1A9D94C80052A037 /* AppDelegate.h */ = {isa = PBXFileReference; lastKnownFileType = sourcecode.c.h; path = AppDelegate.h; sourceTree = "<group>"; };
		6B22F5CD1A9D94C80052A037 /* AppDelegate.m */ = {isa = PBXFileReference; lastKnownFileType = sourcecode.c.objc; path = AppDelegate.m; sourceTree = "<group>"; };
		6B22F5CF1A9D94C80052A037 /* ViewController.h */ = {isa = PBXFileReference; lastKnownFileType = sourcecode.c.h; path = ViewController.h; sourceTree = "<group>"; };
		6B22F5D01A9D94C80052A037 /* ViewController.m */ = {isa = PBXFileReference; lastKnownFileType = sourcecode.c.objc; path = ViewController.m; sourceTree = "<group>"; };
		6B22F5D31A9D94C80052A037 /* Base */ = {isa = PBXFileReference; lastKnownFileType = file.storyboard; name = Base; path = Base.lproj/Main.storyboard; sourceTree = "<group>"; };
		6B22F5D51A9D94C80052A037 /* Images.xcassets */ = {isa = PBXFileReference; lastKnownFileType = folder.assetcatalog; path = Images.xcassets; sourceTree = "<group>"; };
		6B22F5D81A9D94C80052A037 /* Base */ = {isa = PBXFileReference; lastKnownFileType = file.xib; name = Base; path = Base.lproj/LaunchScreen.xib; sourceTree = "<group>"; };
		6B22F5EF1A9D967D0052A037 /* JFRWebSocket.h */ = {isa = PBXFileReference; fileEncoding = 4; lastKnownFileType = sourcecode.c.h; name = JFRWebSocket.h; path = ../../JFRWebSocket.h; sourceTree = "<group>"; };
		6B22F5F01A9D967D0052A037 /* JFRWebSocket.m */ = {isa = PBXFileReference; fileEncoding = 4; lastKnownFileType = sourcecode.c.objc; name = JFRWebSocket.m; path = ../../JFRWebSocket.m; sourceTree = "<group>"; };
		FC1A3CD71ADC751800F0BDBD /* TestWebSocket.h */ = {isa = PBXFileReference; fileEncoding = 4; lastKnownFileType = sourcecode.c.h; path = TestWebSocket.h; sourceTree = "<group>"; };
		FC1A3CD81ADC751800F0BDBD /* TestWebSocket.m */ = {isa = PBXFileReference; fileEncoding = 4; lastKnownFileType = sourcecode.c.objc; path = TestWebSocket.m; sourceTree = "<group>"; };
		FC1A3CDB1ADCCF1600F0BDBD /* TestOperation.h */ = {isa = PBXFileReference; fileEncoding = 4; lastKnownFileType = sourcecode.c.h; path = TestOperation.h; sourceTree = "<group>"; };
		FC1A3CDC1ADCCF1700F0BDBD /* TestOperation.m */ = {isa = PBXFileReference; fileEncoding = 4; lastKnownFileType = sourcecode.c.objc; path = TestOperation.m; sourceTree = "<group>"; };
		FC1A3CDE1ADCCF9200F0BDBD /* TestCase.h */ = {isa = PBXFileReference; fileEncoding = 4; lastKnownFileType = sourcecode.c.h; path = TestCase.h; sourceTree = "<group>"; };
		FC1A3CDF1ADCCF9200F0BDBD /* TestCase.m */ = {isa = PBXFileReference; fileEncoding = 4; lastKnownFileType = sourcecode.c.objc; path = TestCase.m; sourceTree = "<group>"; };
		FC1A3CE41ADD6C8A00F0BDBD /* TestCaseTableViewcell.h */ = {isa = PBXFileReference; fileEncoding = 4; lastKnownFileType = sourcecode.c.h; path = TestCaseTableViewcell.h; sourceTree = "<group>"; };
		FC1A3CE51ADD6C8A00F0BDBD /* TestCaseTableViewcell.m */ = {isa = PBXFileReference; fileEncoding = 4; lastKnownFileType = sourcecode.c.objc; path = TestCaseTableViewcell.m; sourceTree = "<group>"; };
/* End PBXFileReference section */

/* Begin PBXFrameworksBuildPhase section */
		6B22F5C21A9D94C80052A037 /* Frameworks */ = {
			isa = PBXFrameworksBuildPhase;
			buildActionMask = 2147483647;
			files = (
			);
			runOnlyForDeploymentPostprocessing = 0;
		};
/* End PBXFrameworksBuildPhase section */

/* Begin PBXGroup section */
		6B22F5BC1A9D94C80052A037 = {
			isa = PBXGroup;
			children = (
				6B22F5C71A9D94C80052A037 /* SimpleTest */,
				6B22F5C61A9D94C80052A037 /* Products */,
			);
			sourceTree = "<group>";
		};
		6B22F5C61A9D94C80052A037 /* Products */ = {
			isa = PBXGroup;
			children = (
				6B22F5C51A9D94C80052A037 /* SimpleTest.app */,
			);
			name = Products;
			sourceTree = "<group>";
		};
		6B22F5C71A9D94C80052A037 /* SimpleTest */ = {
			isa = PBXGroup;
			children = (
				6B22F5EF1A9D967D0052A037 /* JFRWebSocket.h */,
				6B22F5F01A9D967D0052A037 /* JFRWebSocket.m */,
				6B22F5CC1A9D94C80052A037 /* AppDelegate.h */,
				6B22F5CD1A9D94C80052A037 /* AppDelegate.m */,
				6B22F5CF1A9D94C80052A037 /* ViewController.h */,
				6B22F5D01A9D94C80052A037 /* ViewController.m */,
				FC1A3CE41ADD6C8A00F0BDBD /* TestCaseTableViewcell.h */,
				FC1A3CE51ADD6C8A00F0BDBD /* TestCaseTableViewcell.m */,
				FC1A3CDE1ADCCF9200F0BDBD /* TestCase.h */,
				FC1A3CDF1ADCCF9200F0BDBD /* TestCase.m */,
				FC1A3CD71ADC751800F0BDBD /* TestWebSocket.h */,
				FC1A3CD81ADC751800F0BDBD /* TestWebSocket.m */,
				FC1A3CDB1ADCCF1600F0BDBD /* TestOperation.h */,
				FC1A3CDC1ADCCF1700F0BDBD /* TestOperation.m */,
				6B22F5D21A9D94C80052A037 /* Main.storyboard */,
				6B22F5D51A9D94C80052A037 /* Images.xcassets */,
				6B22F5D71A9D94C80052A037 /* LaunchScreen.xib */,
				6B22F5C81A9D94C80052A037 /* Supporting Files */,
			);
			path = SimpleTest;
			sourceTree = "<group>";
		};
		6B22F5C81A9D94C80052A037 /* Supporting Files */ = {
			isa = PBXGroup;
			children = (
				6B22F5C91A9D94C80052A037 /* Info.plist */,
				6B22F5CA1A9D94C80052A037 /* main.m */,
			);
			name = "Supporting Files";
			sourceTree = "<group>";
		};
/* End PBXGroup section */

/* Begin PBXNativeTarget section */
		6B22F5C41A9D94C80052A037 /* SimpleTest */ = {
			isa = PBXNativeTarget;
			buildConfigurationList = 6B22F5E81A9D94C80052A037 /* Build configuration list for PBXNativeTarget "SimpleTest" */;
			buildPhases = (
				6B22F5C11A9D94C80052A037 /* Sources */,
				6B22F5C21A9D94C80052A037 /* Frameworks */,
				6B22F5C31A9D94C80052A037 /* Resources */,
			);
			buildRules = (
			);
			dependencies = (
			);
			name = SimpleTest;
			productName = SimpleTest;
			productReference = 6B22F5C51A9D94C80052A037 /* SimpleTest.app */;
			productType = "com.apple.product-type.application";
		};
/* End PBXNativeTarget section */

/* Begin PBXProject section */
		6B22F5BD1A9D94C80052A037 /* Project object */ = {
			isa = PBXProject;
			attributes = {
				LastUpgradeCheck = 0610;
				ORGANIZATIONNAME = Vluxe;
				TargetAttributes = {
					6B22F5C41A9D94C80052A037 = {
						CreatedOnToolsVersion = 6.1;
					};
				};
			};
			buildConfigurationList = 6B22F5C01A9D94C80052A037 /* Build configuration list for PBXProject "SimpleTest" */;
			compatibilityVersion = "Xcode 3.2";
			developmentRegion = English;
			hasScannedForEncodings = 0;
			knownRegions = (
				en,
				Base,
			);
			mainGroup = 6B22F5BC1A9D94C80052A037;
			productRefGroup = 6B22F5C61A9D94C80052A037 /* Products */;
			projectDirPath = "";
			projectRoot = "";
			targets = (
				6B22F5C41A9D94C80052A037 /* SimpleTest */,
			);
		};
/* End PBXProject section */

/* Begin PBXResourcesBuildPhase section */
		6B22F5C31A9D94C80052A037 /* Resources */ = {
			isa = PBXResourcesBuildPhase;
			buildActionMask = 2147483647;
			files = (
				6B22F5D41A9D94C80052A037 /* Main.storyboard in Resources */,
				6B22F5D91A9D94C80052A037 /* LaunchScreen.xib in Resources */,
				6B22F5D61A9D94C80052A037 /* Images.xcassets in Resources */,
			);
			runOnlyForDeploymentPostprocessing = 0;
		};
/* End PBXResourcesBuildPhase section */

/* Begin PBXSourcesBuildPhase section */
		6B22F5C11A9D94C80052A037 /* Sources */ = {
			isa = PBXSourcesBuildPhase;
			buildActionMask = 2147483647;
			files = (
				6B22F5D11A9D94C80052A037 /* ViewController.m in Sources */,
				FC1A3CE61ADD6C8A00F0BDBD /* TestCaseTableViewcell.m in Sources */,
				FC1A3CD91ADC751800F0BDBD /* TestWebSocket.m in Sources */,
				6B22F5CE1A9D94C80052A037 /* AppDelegate.m in Sources */,
				6B22F5F11A9D967D0052A037 /* JFRWebSocket.m in Sources */,
				6B22F5CB1A9D94C80052A037 /* main.m in Sources */,
				FC1A3CDD1ADCCF1700F0BDBD /* TestOperation.m in Sources */,
				FC1A3CE01ADCCF9200F0BDBD /* TestCase.m in Sources */,
			);
			runOnlyForDeploymentPostprocessing = 0;
		};
/* End PBXSourcesBuildPhase section */

/* Begin PBXVariantGroup section */
		6B22F5D21A9D94C80052A037 /* Main.storyboard */ = {
			isa = PBXVariantGroup;
			children = (
				6B22F5D31A9D94C80052A037 /* Base */,
			);
			name = Main.storyboard;
			sourceTree = "<group>";
		};
		6B22F5D71A9D94C80052A037 /* LaunchScreen.xib */ = {
			isa = PBXVariantGroup;
			children = (
				6B22F5D81A9D94C80052A037 /* Base */,
			);
			name = LaunchScreen.xib;
			sourceTree = "<group>";
		};
/* End PBXVariantGroup section */

/* Begin XCBuildConfiguration section */
		6B22F5E61A9D94C80052A037 /* Debug */ = {
			isa = XCBuildConfiguration;
			buildSettings = {
				ALWAYS_SEARCH_USER_PATHS = NO;
				CLANG_CXX_LANGUAGE_STANDARD = "gnu++0x";
				CLANG_CXX_LIBRARY = "libc++";
				CLANG_ENABLE_MODULES = YES;
				CLANG_ENABLE_OBJC_ARC = YES;
				CLANG_WARN_BOOL_CONVERSION = YES;
				CLANG_WARN_CONSTANT_CONVERSION = YES;
				CLANG_WARN_DIRECT_OBJC_ISA_USAGE = YES_ERROR;
				CLANG_WARN_EMPTY_BODY = YES;
				CLANG_WARN_ENUM_CONVERSION = YES;
				CLANG_WARN_INT_CONVERSION = YES;
				CLANG_WARN_OBJC_ROOT_CLASS = YES_ERROR;
				CLANG_WARN_UNREACHABLE_CODE = YES;
				CLANG_WARN__DUPLICATE_METHOD_MATCH = YES;
				"CODE_SIGN_IDENTITY[sdk=iphoneos*]" = "iPhone Developer";
				COPY_PHASE_STRIP = NO;
				ENABLE_STRICT_OBJC_MSGSEND = YES;
				GCC_C_LANGUAGE_STANDARD = gnu99;
				GCC_DYNAMIC_NO_PIC = NO;
				GCC_OPTIMIZATION_LEVEL = 0;
				GCC_PREPROCESSOR_DEFINITIONS = (
					"DEBUG=1",
					"$(inherited)",
				);
				GCC_SYMBOLS_PRIVATE_EXTERN = NO;
				GCC_WARN_64_TO_32_BIT_CONVERSION = YES;
				GCC_WARN_ABOUT_RETURN_TYPE = YES_ERROR;
				GCC_WARN_UNDECLARED_SELECTOR = YES;
				GCC_WARN_UNINITIALIZED_AUTOS = YES_AGGRESSIVE;
				GCC_WARN_UNUSED_FUNCTION = YES;
				GCC_WARN_UNUSED_VARIABLE = YES;
				IPHONEOS_DEPLOYMENT_TARGET = 8.1;
				MTL_ENABLE_DEBUG_INFO = YES;
				ONLY_ACTIVE_ARCH = YES;
				SDKROOT = iphoneos;
				TARGETED_DEVICE_FAMILY = "1,2";
			};
			name = Debug;
		};
		6B22F5E71A9D94C80052A037 /* Release */ = {
			isa = XCBuildConfiguration;
			buildSettings = {
				ALWAYS_SEARCH_USER_PATHS = NO;
				CLANG_CXX_LANGUAGE_STANDARD = "gnu++0x";
				CLANG_CXX_LIBRARY = "libc++";
				CLANG_ENABLE_MODULES = YES;
				CLANG_ENABLE_OBJC_ARC = YES;
				CLANG_WARN_BOOL_CONVERSION = YES;
				CLANG_WARN_CONSTANT_CONVERSION = YES;
				CLANG_WARN_DIRECT_OBJC_ISA_USAGE = YES_ERROR;
				CLANG_WARN_EMPTY_BODY = YES;
				CLANG_WARN_ENUM_CONVERSION = YES;
				CLANG_WARN_INT_CONVERSION = YES;
				CLANG_WARN_OBJC_ROOT_CLASS = YES_ERROR;
				CLANG_WARN_UNREACHABLE_CODE = YES;
				CLANG_WARN__DUPLICATE_METHOD_MATCH = YES;
				"CODE_SIGN_IDENTITY[sdk=iphoneos*]" = "iPhone Developer";
				COPY_PHASE_STRIP = YES;
				ENABLE_NS_ASSERTIONS = NO;
				ENABLE_STRICT_OBJC_MSGSEND = YES;
				GCC_C_LANGUAGE_STANDARD = gnu99;
				GCC_WARN_64_TO_32_BIT_CONVERSION = YES;
				GCC_WARN_ABOUT_RETURN_TYPE = YES_ERROR;
				GCC_WARN_UNDECLARED_SELECTOR = YES;
				GCC_WARN_UNINITIALIZED_AUTOS = YES_AGGRESSIVE;
				GCC_WARN_UNUSED_FUNCTION = YES;
				GCC_WARN_UNUSED_VARIABLE = YES;
				IPHONEOS_DEPLOYMENT_TARGET = 8.1;
				MTL_ENABLE_DEBUG_INFO = NO;
				SDKROOT = iphoneos;
				TARGETED_DEVICE_FAMILY = "1,2";
				VALIDATE_PRODUCT = YES;
			};
			name = Release;
		};
		6B22F5E91A9D94C80052A037 /* Debug */ = {
			isa = XCBuildConfiguration;
			buildSettings = {
				ASSETCATALOG_COMPILER_APPICON_NAME = AppIcon;
				INFOPLIST_FILE = SimpleTest/Info.plist;
				LD_RUNPATH_SEARCH_PATHS = "$(inherited) @executable_path/Frameworks";
				PRODUCT_NAME = "$(TARGET_NAME)";
			};
			name = Debug;
		};
		6B22F5EA1A9D94C80052A037 /* Release */ = {
			isa = XCBuildConfiguration;
			buildSettings = {
				ASSETCATALOG_COMPILER_APPICON_NAME = AppIcon;
				INFOPLIST_FILE = SimpleTest/Info.plist;
				LD_RUNPATH_SEARCH_PATHS = "$(inherited) @executable_path/Frameworks";
				PRODUCT_NAME = "$(TARGET_NAME)";
			};
			name = Release;
		};
/* End XCBuildConfiguration section */

/* Begin XCConfigurationList section */
		6B22F5C01A9D94C80052A037 /* Build configuration list for PBXProject "SimpleTest" */ = {
			isa = XCConfigurationList;
			buildConfigurations = (
				6B22F5E61A9D94C80052A037 /* Debug */,
				6B22F5E71A9D94C80052A037 /* Release */,
			);
			defaultConfigurationIsVisible = 0;
			defaultConfigurationName = Release;
		};
		6B22F5E81A9D94C80052A037 /* Build configuration list for PBXNativeTarget "SimpleTest" */ = {
			isa = XCConfigurationList;
			buildConfigurations = (
				6B22F5E91A9D94C80052A037 /* Debug */,
				6B22F5EA1A9D94C80052A037 /* Release */,
			);
			defaultConfigurationIsVisible = 0;
			defaultConfigurationName = Release;
		};
/* End XCConfigurationList section */
	};
	rootObject = 6B22F5BD1A9D94C80052A037 /* Project object */;
}
